
Microsoft Visual Studio Solution File, Format Version 12.00
# Visual Studio Version 16
VisualStudioVersion = 16.0.31605.320
MinimumVisualStudioVersion = 10.0.40219.1
Project("{FAE04EC0-301F-11D3-BF4B-00C04F79EFBC}") = "Challenge_isAdmissibleOverpayment", "Challenge_isAdmissibleOverpayment.csproj", "{37F74A09-D459-4078-8040-DD3D6F52A959}"
EndProject
Global
	GlobalSection(SolutionConfigurationPlatforms) = preSolution
		Debug|Any CPU = Debug|Any CPU
		Release|Any CPU = Release|Any CPU
	EndGlobalSection
	GlobalSection(ProjectConfigurationPlatforms) = postSolution
		{37F74A09-D459-4078-8040-DD3D6F52A959}.Debug|Any CPU.ActiveCfg = Debug|Any CPU
		{37F74A09-D459-4078-8040-DD3D6F52A959}.Debug|Any CPU.Build.0 = Debug|Any CPU
		{37F74A09-D459-4078-8040-DD3D6F52A959}.Release|Any CPU.ActiveCfg = Release|Any CPU
		{37F74A09-D459-4078-8040-DD3D6F52A959}.Release|Any CPU.Build.0 = Release|Any CPU
	EndGlobalSection
	GlobalSection(SolutionProperties) = preSolution
		HideSolutionNode = FALSE
	EndGlobalSection
	GlobalSection(ExtensibilityGlobals) = postSolution
		SolutionGuid = {8DACAE2D-FE63-44FE-8BD2-7DAEE41AE5F5}
	EndGlobalSection
EndGlobal
